{
  "name": "bonded-work",
  "lockfileVersion": 3,
  "requires": true,
  "packages": {
    "": {
      "name": "bonded-work",
      "workspaces": [
        "packages/*"
      ],
      "bin": {
        "bonded": "apps/cli/bonded.js"
      }
    },
    "node_modules/@bonded-work/protocol": {
      "resolved": "packages/protocol",
      "link": true
    },
    "node_modules/@bonded-work/sdk": {
      "resolved": "packages/sdk",
      "link": true
    },
    "node_modules/@bonded-work/verifier": {
      "resolved": "packages/verifier",
      "link": true
    },
    "node_modules/@noble/hashes": {
      "version": "1.8.0",
      "resolved": "https://registry.npmjs.org/@noble/hashes/-/hashes-1.8.0.tgz",
      "integrity": "sha512-jCs9ldd7NwzpgXDIf6P3+NrHh9/sD6CQdxHyjQI+h/6rDNo88ypBxxz45UDuZHz9r3tNz7N/VInSVoVdtXEI4A==",
      "engines": {
        "node": "^14.21.3 || >=16"
      },
      "funding": {
        "url": "https://paulmillr.com/funding/"
      }
    },
    "node_modules/sql.js": {
      "version": "1.14.2",
      "resolved": "https://registry.npmjs.org/sql.js/-/sql.js-1.14.2.tgz",
      "integrity": "sha512-3ZGPovObMFrdw79zrUHbfdE/DLIsy8jdNdssmMSQuRAymedU6q84asPt0kgiqrdMYlPegDItiIMfmIXzZnYFcw=="
    },
    "packages/protocol": {
      "name": "@bonded-work/protocol",
      "version": "0.0.8",
      "dependencies": {
        "@noble/hashes": "^1.7.1",
        "sql.js": "^1.12.0"
      }
    },
    "packages/sdk": {
      "name": "@bonded-work/sdk",
      "version": "0.0.1",
      "dependencies": {
        "@bonded-work/protocol": "*"
      }
    },
    "packages/verifier": {
      "name": "@bonded-work/verifier",
      "version": "0.0.1"
    }
  }
}
