{
  "name": "bonded-work",
  "lockfileVersion": 3,
  "requires": true,
  "packages": {
    "": {
      "name": "bonded-work",
      "workspaces": [
        "packages/*"
      ],
      "bin": {
        "bonded": "apps/cli/bonded.js"
      }
    },
    "node_modules/@bonded-work/protocol": {
      "resolved": "packages/protocol",
      "link": true
    },
    "node_modules/@bonded-work/verifier": {
      "resolved": "packages/verifier",
      "link": true
    },
    "node_modules/@noble/hashes": {
      "version": "1.7.1",
      "resolved": "https://registry.npmjs.org/@noble/hashes/-/hashes-1.7.1.tgz",
      "integrity": "sha512-B8XBPsn4vT/KJAGqDzbwztd+6Yte3P4V7iafm24bxgDe/mlRuK6xmWPuCNrKt2vDafZ8MfJLlchDG/vYafQEjQ==",
      "engines": {
        "node": "^14.21.3 || >=16"
      },
      "funding": {
        "url": "https://paulmillr.com/funding/"
      }
    },
    "node_modules/sql.js": {
      "version": "1.12.0",
      "resolved": "https://registry.npmjs.org/sql.js/-/sql.js-1.12.0.tgz",
      "integrity": "sha512-Bi+43yMx/tUFZVYD4AUscmdL6NHn3gYQ+CM+YheFWLftOmrEC/Mz6Yh7E96Y2WDHYz3COSqT+LP6Z79zgrwJlA=="
    },
    "packages/protocol": {
      "name": "@bonded-work/protocol",
      "version": "0.0.8",
      "dependencies": {
        "@noble/hashes": "^1.7.1",
        "sql.js": "^1.12.0"
      }
    },
    "packages/verifier": {
      "version": "0.0.1"
    }
  }
}
